{
  "name": "Calc",
  "lockfileVersion": 3,
  "requires": true,
  "packages": {
    "": {
      "devDependencies": {
        "@types/react-speech-recognition": "^3.9.1"
      }
    },
    "node_modules/@types/dom-speech-recognition": {
      "version": "0.0.1",
      "resolved": "https://registry.npmjs.org/@types/dom-speech-recognition/-/dom-speech-recognition-0.0.1.tgz",
      "integrity": "sha512-udCxb8DvjcDKfk1WTBzDsxFbLgYxmQGKrE/ricoMqHRNjSlSUCcamVTA5lIQqzY10mY5qCY0QDwBfFEwhfoDPw==",
      "dev": true
    },
    "node_modules/@types/react-speech-recognition": {
      "version": "3.9.1",
      "resolved": "https://registry.npmjs.org/@types/react-speech-recognition/-/react-speech-recognition-3.9.1.tgz",
      "integrity": "sha512-9aR3BvLMgO9M+dKueOd5TK5UwGm/0wqnykGHD2irTsSf0sGUMk19q4nmjVNeVMLDBfuLfR8o0rj5WvMv5Fje/Q==",
      "dev": true,
      "dependencies": {
        "@types/dom-speech-recognition": "*"
      }
    }
  }
}
